// !$*UTF8*$!
{
	archiveVersion = 1;
	classes = {
	};
	objectVersion = 56;
	objects = {

/* Begin PBXBuildFile section */
		9381B44A291C1F5B0032D45C /* A.wav in Resources */ = {isa = PBXBuildFile; fileRef = 9381B443291C1F5B0032D45C /* A.wav */; };
		9381B44B291C1F5B0032D45C /* B.wav in Resources */ = {isa = PBXBuildFile; fileRef = 9381B444291C1F5B0032D45C /* B.wav */; };
		9381B44C291C1F5B0032D45C /* F.wav in Resources */ = {isa = PBXBuildFile; fileRef = 9381B445291C1F5B0032D45C /* F.wav */; };
		9381B44D291C1F5B0032D45C /* D.wav in Resources */ = {isa = PBXBuildFile; fileRef = 9381B446291C1F5B0032D45C /* D.wav */; };
		9381B44E291C1F5B0032D45C /* E.wav in Resources */ = {isa = PBXBuildFile; fileRef = 9381B447291C1F5B0032D45C /* E.wav */; };
		9381B44F291C1F5B0032D45C /* C.wav in Resources */ = {isa = PBXBuildFile; fileRef = 9381B448291C1F5B0032D45C /* C.wav */; };
		9381B450291C1F5B0032D45C /* G.wav in Resources */ = {isa = PBXBuildFile; fileRef = 9381B449291C1F5B0032D45C /* G.wav */; };
		9385D1C42919713600D21510 /* AppDelegate.swift in Sources */ = {isa = PBXBuildFile; fileRef = 9385D1C32919713600D21510 /* AppDelegate.swift */; };
		9385D1C62919713600D21510 /* SceneDelegate.swift in Sources */ = {isa = PBXBuildFile; fileRef = 9385D1C52919713600D21510 /* SceneDelegate.swift */; };
		9385D1C82919713600D21510 /* ViewController.swift in Sources */ = {isa = PBXBuildFile; fileRef = 9385D1C72919713600D21510 /* ViewController.swift */; };
		9385D1CB2919713600D21510 /* Main.storyboard in Resources */ = {isa = PBXBuildFile; fileRef = 9385D1C92919713600D21510 /* Main.storyboard */; };
		9385D1CD2919713700D21510 /* Assets.xcassets in Resources */ = {isa = PBXBuildFile; fileRef = 9385D1CC2919713700D21510 /* Assets.xcassets */; };
		9385D1D02919713700D21510 /* LaunchScreen.storyboard in Resources */ = {isa = PBXBuildFile; fileRef = 9385D1CE2919713700D21510 /* LaunchScreen.storyboard */; };
/* End PBXBuildFile section */

/* Begin PBXFileReference section */
		9381B443291C1F5B0032D45C /* A.wav */ = {isa = PBXFileReference; lastKnownFileType = audio.wav; name = A.wav; path = "../../../../../Downloads/01 Xylophone assets/A.wav"; sourceTree = "<group>"; };
		9381B444291C1F5B0032D45C /* B.wav */ = {isa = PBXFileReference; lastKnownFileType = audio.wav; name = B.wav; path = "../../../../../Downloads/01 Xylophone assets/B.wav"; sourceTree = "<group>"; };
		9381B445291C1F5B0032D45C /* F.wav */ = {isa = PBXFileReference; lastKnownFileType = audio.wav; name = F.wav; path = "../../../../../Downloads/01 Xylophone assets/F.wav"; sourceTree = "<group>"; };
		9381B446291C1F5B0032D45C /* D.wav */ = {isa = PBXFileReference; lastKnownFileType = audio.wav; name = D.wav; path = "../../../../../Downloads/01 Xylophone assets/D.wav"; sourceTree = "<group>"; };
		9381B447291C1F5B0032D45C /* E.wav */ = {isa = PBXFileReference; lastKnownFileType = audio.wav; name = E.wav; path = "../../../../../Downloads/01 Xylophone assets/E.wav"; sourceTree = "<group>"; };
		9381B448291C1F5B0032D45C /* C.wav */ = {isa = PBXFileReference; lastKnownFileType = audio.wav; name = C.wav; path = "../../../../../Downloads/01 Xylophone assets/C.wav"; sourceTree = "<group>"; };
		9381B449291C1F5B0032D45C /* G.wav */ = {isa = PBXFileReference; lastKnownFileType = audio.wav; name = G.wav; path = "../../../../../Downloads/01 Xylophone assets/G.wav"; sourceTree = "<group>"; };
		9385D1C02919713600D21510 /* Xylophone.app */ = {isa = PBXFileReference; explicitFileType = wrapper.application; includeInIndex = 0; path = Xylophone.app; sourceTree = BUILT_PRODUCTS_DIR; };
		9385D1C32919713600D21510 /* AppDelegate.swift */ = {isa = PBXFileReference; lastKnownFileType = sourcecode.swift; path = AppDelegate.swift; sourceTree = "<group>"; };
		9385D1C52919713600D21510 /* SceneDelegate.swift */ = {isa = PBXFileReference; lastKnownFileType = sourcecode.swift; path = SceneDelegate.swift; sourceTree = "<group>"; };
		9385D1C72919713600D21510 /* ViewController.swift */ = {isa = PBXFileReference; lastKnownFileType = sourcecode.swift; path = ViewController.swift; sourceTree = "<group>"; };
		9385D1CA2919713600D21510 /* Base */ = {isa = PBXFileReference; lastKnownFileType = file.storyboard; name = Base; path = Base.lproj/Main.storyboard; sourceTree = "<group>"; };
		9385D1CC2919713700D21510 /* Assets.xcassets */ = {isa = PBXFileReference; lastKnownFileType = folder.assetcatalog; path = Assets.xcassets; sourceTree = "<group>"; };
		9385D1CF2919713700D21510 /* Base */ = {isa = PBXFileReference; lastKnownFileType = file.storyboard; name = Base; path = Base.lproj/LaunchScreen.storyboard; sourceTree = "<group>"; };
		9385D1D12919713700D21510 /* Info.plist */ = {isa = PBXFileReference; lastKnownFileType = text.plist.xml; path = Info.plist; sourceTree = "<group>"; };
/* End PBXFileReference section */

/* Begin PBXFrameworksBuildPhase section */
		9385D1BD2919713600D21510 /* Frameworks */ = {
			isa = PBXFrameworksBuildPhase;
			buildActionMask = 2147483647;
			files = (
			);
			runOnlyForDeploymentPostprocessing = 0;
		};
/* End PBXFrameworksBuildPhase section */

/* Begin PBXGroup section */
		9385D1B72919713600D21510 = {
			isa = PBXGroup;
			children = (
				9385D1C22919713600D21510 /* Xylophone */,
				9385D1C12919713600D21510 /* Products */,
			);
			sourceTree = "<group>";
		};
		9385D1C12919713600D21510 /* Products */ = {
			isa = PBXGroup;
			children = (
				9385D1C02919713600D21510 /* Xylophone.app */,
			);
			name = Products;
			sourceTree = "<group>";
		};
		9385D1C22919713600D21510 /* Xylophone */ = {
			isa = PBXGroup;
			children = (
				9385D1C32919713600D21510 /* AppDelegate.swift */,
				9385D1C52919713600D21510 /* SceneDelegate.swift */,
				9385D1C72919713600D21510 /* ViewController.swift */,
				9385D1C92919713600D21510 /* Main.storyboard */,
				9381B443291C1F5B0032D45C /* A.wav */,
				9381B444291C1F5B0032D45C /* B.wav */,
				9381B448291C1F5B0032D45C /* C.wav */,
				9381B446291C1F5B0032D45C /* D.wav */,
				9381B447291C1F5B0032D45C /* E.wav */,
				9381B445291C1F5B0032D45C /* F.wav */,
				9381B449291C1F5B0032D45C /* G.wav */,
				9385D1CC2919713700D21510 /* Assets.xcassets */,
				9385D1CE2919713700D21510 /* LaunchScreen.storyboard */,
				9385D1D12919713700D21510 /* Info.plist */,
			);
			path = Xylophone;
			sourceTree = "<group>";
		};
/* End PBXGroup section */

/* Begin PBXNativeTarget section */
		9385D1BF2919713600D21510 /* Xylophone */ = {
			isa = PBXNativeTarget;
			buildConfigurationList = 9385D1D42919713700D21510 /* Build configuration list for PBXNativeTarget "Xylophone" */;
			buildPhases = (
				9385D1BC2919713600D21510 /* Sources */,
				9385D1BD2919713600D21510 /* Frameworks */,
				9385D1BE2919713600D21510 /* Resources */,
			);
			buildRules = (
			);
			dependencies = (
			);
			name = Xylophone;
			productName = Xylophone;
			productReference = 9385D1C02919713600D21510 /* Xylophone.app */;
			productType = "com.apple.product-type.application";
		};
/* End PBXNativeTarget section */

/* Begin PBXProject section */
		9385D1B82919713600D21510 /* Project object */ = {
			isa = PBXProject;
			attributes = {
				BuildIndependentTargetsInParallel = 1;
				LastSwiftUpdateCheck = 1400;
				LastUpgradeCheck = 1400;
				TargetAttributes = {
					9385D1BF2919713600D21510 = {
						CreatedOnToolsVersion = 14.0.1;
					};
				};
			};
			buildConfigurationList = 9385D1BB2919713600D21510 /* Build configuration list for PBXProject "Xylophone" */;
			compatibilityVersion = "Xcode 14.0";
			developmentRegion = en;
			hasScannedForEncodings = 0;
			knownRegions = (
				en,
				Base,
			);
			mainGroup = 9385D1B72919713600D21510;
			productRefGroup = 9385D1C12919713600D21510 /* Products */;
			projectDirPath = "";
			projectRoot = "";
			targets = (
				9385D1BF2919713600D21510 /* Xylophone */,
			);
		};
/* End PBXProject section */

/* Begin PBXResourcesBuildPhase section */
		9385D1BE2919713600D21510 /* Resources */ = {
			isa = PBXResourcesBuildPhase;
			buildActionMask = 2147483647;
			files = (
				9385D1D02919713700D21510 /* LaunchScreen.storyboard in Resources */,
				9381B44B291C1F5B0032D45C /* B.wav in Resources */,
				9381B44D291C1F5B0032D45C /* D.wav in Resources */,
				9381B44F291C1F5B0032D45C /* C.wav in Resources */,
				9385D1CD2919713700D21510 /* Assets.xcassets in Resources */,
				9381B44C291C1F5B0032D45C /* F.wav in Resources */,
				9381B450291C1F5B0032D45C /* G.wav in Resources */,
				9381B44A291C1F5B0032D45C /* A.wav in Resources */,
				9381B44E291C1F5B0032D45C /* E.wav in Resources */,
				9385D1CB2919713600D21510 /* Main.storyboard in Resources */,
			);
			runOnlyForDeploymentPostprocessing = 0;
		};
/* End PBXResourcesBuildPhase section */

/* Begin PBXSourcesBuildPhase section */
		9385D1BC2919713600D21510 /* Sources */ = {
			isa = PBXSourcesBuildPhase;
			buildActionMask = 2147483647;
			files = (
				9385D1C82919713600D21510 /* ViewController.swift in Sources */,
				9385D1C42919713600D21510 /* AppDelegate.swift in Sources */,
				9385D1C62919713600D21510 /* SceneDelegate.swift in Sources */,
			);
			runOnlyForDeploymentPostprocessing = 0;
		};
/* End PBXSourcesBuildPhase section */

/* Begin PBXVariantGroup section */
		9385D1C92919713600D21510 /* Main.storyboard */ = {
			isa = PBXVariantGroup;
			children = (
				9385D1CA2919713600D21510 /* Base */,
			);
			name = Main.storyboard;
			sourceTree = "<group>";
		};
		9385D1CE2919713700D21510 /* LaunchScreen.storyboard */ = {
			isa = PBXVariantGroup;
			children = (
				9385D1CF2919713700D21510 /* Base */,
			);
			name = LaunchScreen.storyboard;
			sourceTree = "<group>";
		};
/* End PBXVariantGroup section */

/* Begin XCBuildConfiguration section */
		9385D1D22919713700D21510 /* Debug */ = {
			isa = XCBuildConfiguration;
			buildSettings = {
				ALWAYS_SEARCH_USER_PATHS = NO;
				CLANG_ANALYZER_NONNULL = YES;
				CLANG_ANALYZER_NUMBER_OBJECT_CONVERSION = YES_AGGRESSIVE;
				CLANG_CXX_LANGUAGE_STANDARD = "gnu++20";
				CLANG_ENABLE_MODULES = YES;
				CLANG_ENABLE_OBJC_ARC = YES;
				CLANG_ENABLE_OBJC_WEAK = YES;
				CLANG_WARN_BLOCK_CAPTURE_AUTORELEASING = YES;
				CLANG_WARN_BOOL_CONVERSION = YES;
				CLANG_WARN_COMMA = YES;
				CLANG_WARN_CONSTANT_CONVERSION = YES;
				CLANG_WARN_DEPRECATED_OBJC_IMPLEMENTATIONS = YES;
				CLANG_WARN_DIRECT_OBJC_ISA_USAGE = YES_ERROR;
				CLANG_WARN_DOCUMENTATION_COMMENTS = YES;
				CLANG_WARN_EMPTY_BODY = YES;
				CLANG_WARN_ENUM_CONVERSION = YES;
				CLANG_WARN_INFINITE_RECURSION = YES;
				CLANG_WARN_INT_CONVERSION = YES;
				CLANG_WARN_NON_LITERAL_NULL_CONVERSION = YES;
				CLANG_WARN_OBJC_IMPLICIT_RETAIN_SELF = YES;
				CLANG_WARN_OBJC_LITERAL_CONVERSION = YES;
				CLANG_WARN_OBJC_ROOT_CLASS = YES_ERROR;
				CLANG_WARN_QUOTED_INCLUDE_IN_FRAMEWORK_HEADER = YES;
				CLANG_WARN_RANGE_LOOP_ANALYSIS = YES;
				CLANG_WARN_STRICT_PROTOTYPES = YES;
				CLANG_WARN_SUSPICIOUS_MOVE = YES;
				CLANG_WARN_UNGUARDED_AVAILABILITY = YES_AGGRESSIVE;
				CLANG_WARN_UNREACHABLE_CODE = YES;
				CLANG_WARN__DUPLICATE_METHOD_MATCH = YES;
				COPY_PHASE_STRIP = NO;
				DEBUG_INFORMATION_FORMAT = dwarf;
				ENABLE_STRICT_OBJC_MSGSEND = YES;
				ENABLE_TESTABILITY = YES;
				GCC_C_LANGUAGE_STANDARD = gnu11;
				GCC_DYNAMIC_NO_PIC = NO;
				GCC_NO_COMMON_BLOCKS = YES;
				GCC_OPTIMIZATION_LEVEL = 0;
				GCC_PREPROCESSOR_DEFINITIONS = (
					"DEBUG=1",
					"$(inherited)",
				);
				GCC_WARN_64_TO_32_BIT_CONVERSION = YES;
				GCC_WARN_ABOUT_RETURN_TYPE = YES_ERROR;
				GCC_WARN_UNDECLARED_SELECTOR = YES;
				GCC_WARN_UNINITIALIZED_AUTOS = YES_AGGRESSIVE;
				GCC_WARN_UNUSED_FUNCTION = YES;
				GCC_WARN_UNUSED_VARIABLE = YES;
				IPHONEOS_DEPLOYMENT_TARGET = 16.0;
				MTL_ENABLE_DEBUG_INFO = INCLUDE_SOURCE;
				MTL_FAST_MATH = YES;
				ONLY_ACTIVE_ARCH = YES;
				SDKROOT = iphoneos;
				SWIFT_ACTIVE_COMPILATION_CONDITIONS = DEBUG;
				SWIFT_OPTIMIZATION_LEVEL = "-Onone";
			};
			name = Debug;
		};
		9385D1D32919713700D21510 /* Release */ = {
			isa = XCBuildConfiguration;
			buildSettings = {
				ALWAYS_SEARCH_USER_PATHS = NO;
				CLANG_ANALYZER_NONNULL = YES;
				CLANG_ANALYZER_NUMBER_OBJECT_CONVERSION = YES_AGGRESSIVE;
				CLANG_CXX_LANGUAGE_STANDARD = "gnu++20";
				CLANG_ENABLE_MODULES = YES;
				CLANG_ENABLE_OBJC_ARC = YES;
				CLANG_ENABLE_OBJC_WEAK = YES;
				CLANG_WARN_BLOCK_CAPTURE_AUTORELEASING = YES;
				CLANG_WARN_BOOL_CONVERSION = YES;
				CLANG_WARN_COMMA = YES;
				CLANG_WARN_CONSTANT_CONVERSION = YES;
				CLANG_WARN_DEPRECATED_OBJC_IMPLEMENTATIONS = YES;
				CLANG_WARN_DIRECT_OBJC_ISA_USAGE = YES_ERROR;
				CLANG_WARN_DOCUMENTATION_COMMENTS = YES;
				CLANG_WARN_EMPTY_BODY = YES;
				CLANG_WARN_ENUM_CONVERSION = YES;
				CLANG_WARN_INFINITE_RECURSION = YES;
				CLANG_WARN_INT_CONVERSION = YES;
				CLANG_WARN_NON_LITERAL_NULL_CONVERSION = YES;
				CLANG_WARN_OBJC_IMPLICIT_RETAIN_SELF = YES;
				CLANG_WARN_OBJC_LITERAL_CONVERSION = YES;
				CLANG_WARN_OBJC_ROOT_CLASS = YES_ERROR;
				CLANG_WARN_QUOTED_INCLUDE_IN_FRAMEWORK_HEADER = YES;
				CLANG_WARN_RANGE_LOOP_ANALYSIS = YES;
				CLANG_WARN_STRICT_PROTOTYPES = YES;
				CLANG_WARN_SUSPICIOUS_MOVE = YES;
				CLANG_WARN_UNGUARDED_AVAILABILITY = YES_AGGRESSIVE;
				CLANG_WARN_UNREACHABLE_CODE = YES;
				CLANG_WARN__DUPLICATE_METHOD_MATCH = YES;
				COPY_PHASE_STRIP = NO;
				DEBUG_INFORMATION_FORMAT = "dwarf-with-dsym";
				ENABLE_NS_ASSERTIONS = NO;
				ENABLE_STRICT_OBJC_MSGSEND = YES;
				GCC_C_LANGUAGE_STANDARD = gnu11;
				GCC_NO_COMMON_BLOCKS = YES;
				GCC_WARN_64_TO_32_BIT_CONVERSION = YES;
				GCC_WARN_ABOUT_RETURN_TYPE = YES_ERROR;
				GCC_WARN_UNDECLARED_SELECTOR = YES;
				GCC_WARN_UNINITIALIZED_AUTOS = YES_AGGRESSIVE;
				GCC_WARN_UNUSED_FUNCTION = YES;
				GCC_WARN_UNUSED_VARIABLE = YES;
				IPHONEOS_DEPLOYMENT_TARGET = 16.0;
				MTL_ENABLE_DEBUG_INFO = NO;
				MTL_FAST_MATH = YES;
				SDKROOT = iphoneos;
				SWIFT_COMPILATION_MODE = wholemodule;
				SWIFT_OPTIMIZATION_LEVEL = "-O";
				VALIDATE_PRODUCT = YES;
			};
			name = Release;
		};
		9385D1D52919713700D21510 /* Debug */ = {
			isa = XCBuildConfiguration;
			buildSettings = {
				ASSETCATALOG_COMPILER_APPICON_NAME = AppIcon;
				ASSETCATALOG_COMPILER_GLOBAL_ACCENT_COLOR_NAME = AccentColor;
				CODE_SIGN_STYLE = Automatic;
				CURRENT_PROJECT_VERSION = 1;
				GENERATE_INFOPLIST_FILE = YES;
				INFOPLIST_FILE = Xylophone/Info.plist;
				INFOPLIST_KEY_UIApplicationSupportsIndirectInputEvents = YES;
				INFOPLIST_KEY_UILaunchStoryboardName = LaunchScreen;
				INFOPLIST_KEY_UIMainStoryboardFile = Main;
				INFOPLIST_KEY_UISupportedInterfaceOrientations_iPad = "UIInterfaceOrientationPortrait UIInterfaceOrientationPortraitUpsideDown UIInterfaceOrientationLandscapeLeft UIInterfaceOrientationLandscapeRight";
				INFOPLIST_KEY_UISupportedInterfaceOrientations_iPhone = "UIInterfaceOrientationPortrait UIInterfaceOrientationLandscapeLeft UIInterfaceOrientationLandscapeRight";
				LD_RUNPATH_SEARCH_PATHS = (
					"$(inherited)",
					"@executable_path/Frameworks",
				);
				MARKETING_VERSION = 1.0;
				PRODUCT_BUNDLE_IDENTIFIER = com.default.Xylophone;
				PRODUCT_NAME = "$(TARGET_NAME)";
				SWIFT_EMIT_LOC_STRINGS = YES;
				SWIFT_VERSION = 5.0;
				TARGETED_DEVICE_FAMILY = "1,2";
			};
			name = Debug;
		};
		9385D1D62919713700D21510 /* Release */ = {
			isa = XCBuildConfiguration;
			buildSettings = {
				ASSETCATALOG_COMPILER_APPICON_NAME = AppIcon;
				ASSETCATALOG_COMPILER_GLOBAL_ACCENT_COLOR_NAME = AccentColor;
				CODE_SIGN_STYLE = Automatic;
				CURRENT_PROJECT_VERSION = 1;
				GENERATE_INFOPLIST_FILE = YES;
				INFOPLIST_FILE = Xylophone/Info.plist;
				INFOPLIST_KEY_UIApplicationSupportsIndirectInputEvents = YES;
				INFOPLIST_KEY_UILaunchStoryboardName = LaunchScreen;
				INFOPLIST_KEY_UIMainStoryboardFile = Main;
				INFOPLIST_KEY_UISupportedInterfaceOrientations_iPad = "UIInterfaceOrientationPortrait UIInterfaceOrientationPortraitUpsideDown UIInterfaceOrientationLandscapeLeft UIInterfaceOrientationLandscapeRight";
				INFOPLIST_KEY_UISupportedInterfaceOrientations_iPhone = "UIInterfaceOrientationPortrait UIInterfaceOrientationLandscapeLeft UIInterfaceOrientationLandscapeRight";
				LD_RUNPATH_SEARCH_PATHS = (
					"$(inherited)",
					"@executable_path/Frameworks",
				);
				MARKETING_VERSION = 1.0;
				PRODUCT_BUNDLE_IDENTIFIER = com.default.Xylophone;
				PRODUCT_NAME = "$(TARGET_NAME)";
				SWIFT_EMIT_LOC_STRINGS = YES;
				SWIFT_VERSION = 5.0;
				TARGETED_DEVICE_FAMILY = "1,2";
			};
			name = Release;
		};
/* End XCBuildConfiguration section */

/* Begin XCConfigurationList section */
		9385D1BB2919713600D21510 /* Build configuration list for PBXProject "Xylophone" */ = {
			isa = XCConfigurationList;
			buildConfigurations = (
				9385D1D22919713700D21510 /* Debug */,
				9385D1D32919713700D21510 /* Release */,
			);
			defaultConfigurationIsVisible = 0;
			defaultConfigurationName = Release;
		};
		9385D1D42919713700D21510 /* Build configuration list for PBXNativeTarget "Xylophone" */ = {
			isa = XCConfigurationList;
			buildConfigurations = (
				9385D1D52919713700D21510 /* Debug */,
				9385D1D62919713700D21510 /* Release */,
			);
			defaultConfigurationIsVisible = 0;
			defaultConfigurationName = Release;
		};
/* End XCConfigurationList section */
	};
	rootObject = 9385D1B82919713600D21510 /* Project object */;
}
